{
  "object": {
    "pins": [
      {
        "package": "Facebook",
        "repositoryURL": "https://github.com/facebook/facebook-ios-sdk",
        "state": {
          "branch": null,
          "revision": "ccac7865167b6c12bdf71e2e9b81ad86c3e78ed3",
          "version": "5.11.1"
        }
      }
    ]
  },
  "version": 1
}
